
Microsoft Visual Studio Solution File, Format Version 12.00
# Visual Studio Version 17
VisualStudioVersion = 17.1.32328.378
MinimumVisualStudioVersion = 10.0.40219.1
Project("{8BC9CEB8-8B4A-11D0-8D11-00A0C91BC942}") = "Mealy", "Mealy\Mealy.vcxproj", "{05DB3126-D391-41E5-A905-79D971FDFAFB}"
EndProject
Global
	GlobalSection(SolutionConfigurationPlatforms) = preSolution
		Debug|x64 = Debug|x64
		Debug|x86 = Debug|x86
		Release|x64 = Release|x64
		Release|x86 = Release|x86
	EndGlobalSection
	GlobalSection(ProjectConfigurationPlatforms) = postSolution
		{05DB3126-D391-41E5-A905-79D971FDFAFB}.Debug|x64.ActiveCfg = Debug|x64
		{05DB3126-D391-41E5-A905-79D971FDFAFB}.Debug|x64.Build.0 = Debug|x64
		{05DB3126-D391-41E5-A905-79D971FDFAFB}.Debug|x86.ActiveCfg = Debug|Win32
		{05DB3126-D391-41E5-A905-79D971FDFAFB}.Debug|x86.Build.0 = Debug|Win32
		{05DB3126-D391-41E5-A905-79D971FDFAFB}.Release|x64.ActiveCfg = Release|x64
		{05DB3126-D391-41E5-A905-79D971FDFAFB}.Release|x64.Build.0 = Release|x64
		{05DB3126-D391-41E5-A905-79D971FDFAFB}.Release|x86.ActiveCfg = Release|Win32
		{05DB3126-D391-41E5-A905-79D971FDFAFB}.Release|x86.Build.0 = Release|Win32
	EndGlobalSection
	GlobalSection(SolutionProperties) = preSolution
		HideSolutionNode = FALSE
	EndGlobalSection
	GlobalSection(ExtensibilityGlobals) = postSolution
		SolutionGuid = {4CCD8B38-61A9-45A4-B6B0-CCB4F9E08215}
	EndGlobalSection
EndGlobal
